
Microsoft Visual Studio Solution File, Format Version 12.00
# Visual Studio Version 17
VisualStudioVersion = 17.5.33530.505
MinimumVisualStudioVersion = 10.0.40219.1
Project("{FAE04EC0-301F-11D3-BF4B-00C04F79EFBC}") = "MB.KFC.WebApi", "MB.KFC.WebApi\MB.KFC.WebApi.csproj", "{0196C04D-E469-4F9B-A031-11F7D5E1D5D9}"
EndProject
Global
	GlobalSection(SolutionConfigurationPlatforms) = preSolution
		Debug|Any CPU = Debug|Any CPU
		Release|Any CPU = Release|Any CPU
	EndGlobalSection
	GlobalSection(ProjectConfigurationPlatforms) = postSolution
		{0196C04D-E469-4F9B-A031-11F7D5E1D5D9}.Debug|Any CPU.ActiveCfg = Debug|Any CPU
		{0196C04D-E469-4F9B-A031-11F7D5E1D5D9}.Debug|Any CPU.Build.0 = Debug|Any CPU
		{0196C04D-E469-4F9B-A031-11F7D5E1D5D9}.Release|Any CPU.ActiveCfg = Release|Any CPU
		{0196C04D-E469-4F9B-A031-11F7D5E1D5D9}.Release|Any CPU.Build.0 = Release|Any CPU
	EndGlobalSection
	GlobalSection(SolutionProperties) = preSolution
		HideSolutionNode = FALSE
	EndGlobalSection
	GlobalSection(ExtensibilityGlobals) = postSolution
		SolutionGuid = {AAF06208-F3B6-4845-A7F6-FD76F7F038A9}
	EndGlobalSection
EndGlobal
